
Microsoft Visual Studio Solution File, Format Version 12.00
# Visual Studio Version 17
VisualStudioVersion = 17.9.34723.18
MinimumVisualStudioVersion = 10.0.40219.1
Project("{9A19103F-16F7-4668-BE54-9A1E7A4F7556}") = "ECommerceApi", "ECommerceApi\ECommerceApi.csproj", "{DD72DE51-FB75-4A58-9B64-F3207B40A810}"
EndProject
Project("{9A19103F-16F7-4668-BE54-9A1E7A4F7556}") = "ECommerceApi.DataAccess", "ECommerceApi.DataAccess\ECommerceApi.DataAccess.csproj", "{25A5DBAC-4112-4367-89CE-821C31AF04F6}"
EndProject
Project("{9A19103F-16F7-4668-BE54-9A1E7A4F7556}") = "ECommerceApi.Entity", "ECommerceApi.Entity\ECommerceApi.Entity.csproj", "{2BA93634-FD2A-48BD-9B12-721BC691B211}"
EndProject
Project("{9A19103F-16F7-4668-BE54-9A1E7A4F7556}") = "ECommerceApi.Bussiness", "ECommerceApi.Bussiness\ECommerceApi.Bussiness.csproj", "{31D96282-93C2-4126-A56E-91845138AF2C}"
EndProject
Project("{FAE04EC0-301F-11D3-BF4B-00C04F79EFBC}") = "ECommerceApi.Dto", "ECommerceApi.Dto\ECommerceApi.Dto.csproj", "{8F3A7E5D-6F96-4C03-B1A1-C2710A13E5F0}"
EndProject
Global
	GlobalSection(SolutionConfigurationPlatforms) = preSolution
		Debug|Any CPU = Debug|Any CPU
		Release|Any CPU = Release|Any CPU
	EndGlobalSection
	GlobalSection(ProjectConfigurationPlatforms) = postSolution
		{DD72DE51-FB75-4A58-9B64-F3207B40A810}.Debug|Any CPU.ActiveCfg = Debug|Any CPU
		{DD72DE51-FB75-4A58-9B64-F3207B40A810}.Debug|Any CPU.Build.0 = Debug|Any CPU
		{DD72DE51-FB75-4A58-9B64-F3207B40A810}.Release|Any CPU.ActiveCfg = Release|Any CPU
		{DD72DE51-FB75-4A58-9B64-F3207B40A810}.Release|Any CPU.Build.0 = Release|Any CPU
		{25A5DBAC-4112-4367-89CE-821C31AF04F6}.Debug|Any CPU.ActiveCfg = Debug|Any CPU
		{25A5DBAC-4112-4367-89CE-821C31AF04F6}.Debug|Any CPU.Build.0 = Debug|Any CPU
		{25A5DBAC-4112-4367-89CE-821C31AF04F6}.Release|Any CPU.ActiveCfg = Release|Any CPU
		{25A5DBAC-4112-4367-89CE-821C31AF04F6}.Release|Any CPU.Build.0 = Release|Any CPU
		{2BA93634-FD2A-48BD-9B12-721BC691B211}.Debug|Any CPU.ActiveCfg = Debug|Any CPU
		{2BA93634-FD2A-48BD-9B12-721BC691B211}.Debug|Any CPU.Build.0 = Debug|Any CPU
		{2BA93634-FD2A-48BD-9B12-721BC691B211}.Release|Any CPU.ActiveCfg = Release|Any CPU
		{2BA93634-FD2A-48BD-9B12-721BC691B211}.Release|Any CPU.Build.0 = Release|Any CPU
		{31D96282-93C2-4126-A56E-91845138AF2C}.Debug|Any CPU.ActiveCfg = Debug|Any CPU
		{31D96282-93C2-4126-A56E-91845138AF2C}.Debug|Any CPU.Build.0 = Debug|Any CPU
		{31D96282-93C2-4126-A56E-91845138AF2C}.Release|Any CPU.ActiveCfg = Release|Any CPU
		{31D96282-93C2-4126-A56E-91845138AF2C}.Release|Any CPU.Build.0 = Release|Any CPU
		{8F3A7E5D-6F96-4C03-B1A1-C2710A13E5F0}.Debug|Any CPU.ActiveCfg = Debug|Any CPU
		{8F3A7E5D-6F96-4C03-B1A1-C2710A13E5F0}.Debug|Any CPU.Build.0 = Debug|Any CPU
		{8F3A7E5D-6F96-4C03-B1A1-C2710A13E5F0}.Release|Any CPU.ActiveCfg = Release|Any CPU
		{8F3A7E5D-6F96-4C03-B1A1-C2710A13E5F0}.Release|Any CPU.Build.0 = Release|Any CPU
	EndGlobalSection
	GlobalSection(SolutionProperties) = preSolution
		HideSolutionNode = FALSE
	EndGlobalSection
	GlobalSection(ExtensibilityGlobals) = postSolution
		SolutionGuid = {76ABAF69-776A-4A92-ADDB-D89EFE2F6A2A}
	EndGlobalSection
EndGlobal
